schema: '2.0'
stages:
  data_ingestion:
    cmd: python src/data_ingestion.py
    deps:
    - path: params.yaml
      hash: md5
      md5: f50db2addc0de7315278e6a53fada4b1
      size: 500
    - path: src/data_ingestion.py
      hash: md5
      md5: 5150d3b1f77e287f19bd4e3a4cbbba60
      size: 3639
    params:
      params.yaml:
        data_ingestion:
          test_size: 0.2
          data_url: https://raw.githubusercontent.com/vikashishere/Datasets/main/spam.csv
    outs:
    - path: data/raw
      hash: md5
      md5: 1a287d34dc172d9f950c03dae35f7e73.dir
      size: 484846
      nfiles: 2
  data_preprocessing:
    cmd: python src/data_preprocessing.py
    deps:
    - path: data/raw
      hash: md5
      md5: 1a287d34dc172d9f950c03dae35f7e73.dir
      size: 484846
      nfiles: 2
    - path: src/data_preprocessing.py
      hash: md5
      md5: b80d35e3d153b90fe873d3939b856032
      size: 5136
    outs:
    - path: data/interim
      hash: md5
      md5: d99be5cb2b019d747166f90739fa6d08.dir
      size: 260073
      nfiles: 2
  feature_engineering:
    cmd: python src/feature_engineering.py
    deps:
    - path: data/interim
      hash: md5
      md5: d99be5cb2b019d747166f90739fa6d08.dir
      size: 260073
      nfiles: 2
    - path: params.yaml
      hash: md5
      md5: f50db2addc0de7315278e6a53fada4b1
      size: 500
    - path: src/feature_engineering.py
      hash: md5
      md5: cf8448c21ab5f64a81b288de0c331814
      size: 3910
    params:
      params.yaml:
        feature_engineering:
          max_features: 5000
    outs:
    - path: data/processed
      hash: md5
      md5: 8aceabd09b81d9c7ae3981de22829e95.dir
      size: 105732437
      nfiles: 2
  model_building:
    cmd: python src/model_building.py
    deps:
    - path: data/processed
      hash: md5
      md5: 8aceabd09b81d9c7ae3981de22829e95.dir
      size: 105732437
      nfiles: 2
    - path: params.yaml
      hash: md5
      md5: f50db2addc0de7315278e6a53fada4b1
      size: 500
    - path: src/model_building.py
      hash: md5
      md5: b8211d4fca24abd0f09602108ec58924
      size: 4423
    params:
      params.yaml:
        model_building:
          n_estimators: 200
          random_state: 42
    outs:
    - path: models
      hash: md5
      md5: 2aa6f47e6b2db109d66cd53f7739bbc1.dir
      size: 11114634
      nfiles: 1
  model_evaluation:
    cmd: python src/model_evaluation.py
    deps:
    - path: data/processed
      hash: md5
      md5: 8aceabd09b81d9c7ae3981de22829e95.dir
      size: 105732437
      nfiles: 2
    - path: models/model.pkl
      hash: md5
      md5: 05010e19ea057a8ad4c459e3daecc836
      size: 11114634
    - path: src/model_evaluation.py
      hash: md5
      md5: 8e8fdce7ac1fd7d37f99b4cd235b5771
      size: 4854
    outs:
    - path: reports/metrics.json
      hash: md5
      md5: 96ab96a8e9387ef4156ccb39f19c42bb
      size: 116
